
Microsoft Visual Studio Solution File, Format Version 12.00
# Visual Studio 15
VisualStudioVersion = 15.0.26430.16
MinimumVisualStudioVersion = 10.0.40219.1
Project("{FAE04EC0-301F-11D3-BF4B-00C04F79EFBC}") = "1.StrangeLand Numbers", "1.StrangeLand Numbers\1.StrangeLand Numbers.csproj", "{FF0E9577-5040-4A3B-97EC-C91F16C09EA1}"
EndProject
Project("{FAE04EC0-301F-11D3-BF4B-00C04F79EFBC}") = "2. Two Girls, One Path", "2. Two Girls, One Path\2. Two Girls, One Path.csproj", "{8CACF841-609A-4E68-A46A-B57D9A67E66E}"
EndProject
Project("{FAE04EC0-301F-11D3-BF4B-00C04F79EFBC}") = "1. Calculation Problem", "1. Calculation Problem\1. Calculation Problem.csproj", "{39A948F3-8291-48C1-AD65-C668E80005A7}"
EndProject
Project("{FAE04EC0-301F-11D3-BF4B-00C04F79EFBC}") = "2. Even Differences", "2. Even Differences\2. Even Differences.csproj", "{B1741CAE-446C-4C34-841A-A86ED0B89E62}"
EndProject
Project("{FAE04EC0-301F-11D3-BF4B-00C04F79EFBC}") = "2. Increasing Absolute Differences", "2. Increasing Absolute Differences\2. Increasing Absolute Differences.csproj", "{ABCB1A3B-BA62-4266-A342-6FB1621F2D8E}"
EndProject
Project("{FAE04EC0-301F-11D3-BF4B-00C04F79EFBC}") = "1. Messages", "1. Messages\1. Messages.csproj", "{146520B3-A7DA-40B6-B0D3-8FB7490768D7}"
EndProject
Project("{FAE04EC0-301F-11D3-BF4B-00C04F79EFBC}") = "2. Kitty", "2. Kitty\2. Kitty.csproj", "{6F83A1EE-0086-4D9B-91D0-D7F71D108D52}"
EndProject
Project("{FAE04EC0-301F-11D3-BF4B-00C04F79EFBC}") = "1. CryptoCS", "1. CryptoCS\1. CryptoCS.csproj", "{C479CB41-214C-49DE-9937-8C18BCBB3561}"
EndProject
Project("{FAE04EC0-301F-11D3-BF4B-00C04F79EFBC}") = "1. TRES4 Numbers", "1. TRES4 Numbers\1. TRES4 Numbers.csproj", "{F9D56884-A0F1-416B-81BE-A128D9A7C8DE}"
EndProject
Project("{FAE04EC0-301F-11D3-BF4B-00C04F79EFBC}") = "2. Bunny Factory", "2. Bunny Factory\2. Bunny Factory.csproj", "{5ABAB539-CB6C-4970-892C-6E8F2AD47273}"
EndProject
Project("{FAE04EC0-301F-11D3-BF4B-00C04F79EFBC}") = "3. Patterns", "3. Patterns\3. Patterns.csproj", "{D071989F-AA11-4522-8862-2DF4D2349CE1}"
EndProject
Project("{FAE04EC0-301F-11D3-BF4B-00C04F79EFBC}") = "1. 9Gag Numbers", "1. 9Gag Numbers\1. 9Gag Numbers.csproj", "{49793905-4FE5-4FA8-9F13-CC1D5CB6F009}"
EndProject
Project("{FAE04EC0-301F-11D3-BF4B-00C04F79EFBC}") = "1. Durankulak Numbers", "1. Durankulak Numbers\1. Durankulak Numbers.csproj", "{492D1641-CF47-489F-ACF8-0EABA52358E6}"
EndProject
Project("{FAE04EC0-301F-11D3-BF4B-00C04F79EFBC}") = "2. Joro the Rabbit", "2. Joro the Rabbit\2. Joro the Rabbit.csproj", "{8353705D-62AD-4688-8FB5-D9F4E6F8C0D5}"
EndProject
Project("{FAE04EC0-301F-11D3-BF4B-00C04F79EFBC}") = "1. Kaspichan Numbers", "1. Kaspichan Numbers\1. Kaspichan Numbers.csproj", "{A952D6A2-B217-410A-8EE4-A4F19D33CC03}"
EndProject
Project("{FAE04EC0-301F-11D3-BF4B-00C04F79EFBC}") = "2. Greedy Dwarf", "2. Greedy Dwarf\2. Greedy Dwarf.csproj", "{472ABAA9-2531-4BE0-ABEB-BEF59F0018C1}"
EndProject
Project("{FAE04EC0-301F-11D3-BF4B-00C04F79EFBC}") = "1. Zerg!!!", "1. Zerg!!!\1. Zerg!!!.csproj", "{061A4317-7B55-4CE0-A025-2CAFF6922CF6}"
EndProject
Project("{FAE04EC0-301F-11D3-BF4B-00C04F79EFBC}") = "2. Moving Letters", "2. Moving Letters\2. Moving Letters.csproj", "{46DA210B-F98E-48A1-B6EC-B1178078CF4A}"
EndProject
Global
	GlobalSection(SolutionConfigurationPlatforms) = preSolution
		Debug|Any CPU = Debug|Any CPU
		Debug|ARM = Debug|ARM
		Debug|x64 = Debug|x64
		Debug|x86 = Debug|x86
		Release|Any CPU = Release|Any CPU
		Release|ARM = Release|ARM
		Release|x64 = Release|x64
		Release|x86 = Release|x86
	EndGlobalSection
	GlobalSection(ProjectConfigurationPlatforms) = postSolution
		{FF0E9577-5040-4A3B-97EC-C91F16C09EA1}.Debug|Any CPU.ActiveCfg = Debug|Any CPU
		{FF0E9577-5040-4A3B-97EC-C91F16C09EA1}.Debug|Any CPU.Build.0 = Debug|Any CPU
		{FF0E9577-5040-4A3B-97EC-C91F16C09EA1}.Debug|ARM.ActiveCfg = Debug|Any CPU
		{FF0E9577-5040-4A3B-97EC-C91F16C09EA1}.Debug|ARM.Build.0 = Debug|Any CPU
		{FF0E9577-5040-4A3B-97EC-C91F16C09EA1}.Debug|x64.ActiveCfg = Debug|Any CPU
		{FF0E9577-5040-4A3B-97EC-C91F16C09EA1}.Debug|x64.Build.0 = Debug|Any CPU
		{FF0E9577-5040-4A3B-97EC-C91F16C09EA1}.Debug|x86.ActiveCfg = Debug|Any CPU
		{FF0E9577-5040-4A3B-97EC-C91F16C09EA1}.Debug|x86.Build.0 = Debug|Any CPU
		{FF0E9577-5040-4A3B-97EC-C91F16C09EA1}.Release|Any CPU.ActiveCfg = Release|Any CPU
		{FF0E9577-5040-4A3B-97EC-C91F16C09EA1}.Release|Any CPU.Build.0 = Release|Any CPU
		{FF0E9577-5040-4A3B-97EC-C91F16C09EA1}.Release|ARM.ActiveCfg = Release|Any CPU
		{FF0E9577-5040-4A3B-97EC-C91F16C09EA1}.Release|ARM.Build.0 = Release|Any CPU
		{FF0E9577-5040-4A3B-97EC-C91F16C09EA1}.Release|x64.ActiveCfg = Release|Any CPU
		{FF0E9577-5040-4A3B-97EC-C91F16C09EA1}.Release|x64.Build.0 = Release|Any CPU
		{FF0E9577-5040-4A3B-97EC-C91F16C09EA1}.Release|x86.ActiveCfg = Release|Any CPU
		{FF0E9577-5040-4A3B-97EC-C91F16C09EA1}.Release|x86.Build.0 = Release|Any CPU
		{8CACF841-609A-4E68-A46A-B57D9A67E66E}.Debug|Any CPU.ActiveCfg = Debug|Any CPU
		{8CACF841-609A-4E68-A46A-B57D9A67E66E}.Debug|Any CPU.Build.0 = Debug|Any CPU
		{8CACF841-609A-4E68-A46A-B57D9A67E66E}.Debug|ARM.ActiveCfg = Debug|Any CPU
		{8CACF841-609A-4E68-A46A-B57D9A67E66E}.Debug|ARM.Build.0 = Debug|Any CPU
		{8CACF841-609A-4E68-A46A-B57D9A67E66E}.Debug|x64.ActiveCfg = Debug|Any CPU
		{8CACF841-609A-4E68-A46A-B57D9A67E66E}.Debug|x64.Build.0 = Debug|Any CPU
		{8CACF841-609A-4E68-A46A-B57D9A67E66E}.Debug|x86.ActiveCfg = Debug|Any CPU
		{8CACF841-609A-4E68-A46A-B57D9A67E66E}.Debug|x86.Build.0 = Debug|Any CPU
		{8CACF841-609A-4E68-A46A-B57D9A67E66E}.Release|Any CPU.ActiveCfg = Release|Any CPU
		{8CACF841-609A-4E68-A46A-B57D9A67E66E}.Release|Any CPU.Build.0 = Release|Any CPU
		{8CACF841-609A-4E68-A46A-B57D9A67E66E}.Release|ARM.ActiveCfg = Release|Any CPU
		{8CACF841-609A-4E68-A46A-B57D9A67E66E}.Release|ARM.Build.0 = Release|Any CPU
		{8CACF841-609A-4E68-A46A-B57D9A67E66E}.Release|x64.ActiveCfg = Release|Any CPU
		{8CACF841-609A-4E68-A46A-B57D9A67E66E}.Release|x64.Build.0 = Release|Any CPU
		{8CACF841-609A-4E68-A46A-B57D9A67E66E}.Release|x86.ActiveCfg = Release|Any CPU
		{8CACF841-609A-4E68-A46A-B57D9A67E66E}.Release|x86.Build.0 = Release|Any CPU
		{39A948F3-8291-48C1-AD65-C668E80005A7}.Debug|Any CPU.ActiveCfg = Debug|Any CPU
		{39A948F3-8291-48C1-AD65-C668E80005A7}.Debug|Any CPU.Build.0 = Debug|Any CPU
		{39A948F3-8291-48C1-AD65-C668E80005A7}.Debug|ARM.ActiveCfg = Debug|Any CPU
		{39A948F3-8291-48C1-AD65-C668E80005A7}.Debug|ARM.Build.0 = Debug|Any CPU
		{39A948F3-8291-48C1-AD65-C668E80005A7}.Debug|x64.ActiveCfg = Debug|Any CPU
		{39A948F3-8291-48C1-AD65-C668E80005A7}.Debug|x64.Build.0 = Debug|Any CPU
		{39A948F3-8291-48C1-AD65-C668E80005A7}.Debug|x86.ActiveCfg = Debug|Any CPU
		{39A948F3-8291-48C1-AD65-C668E80005A7}.Debug|x86.Build.0 = Debug|Any CPU
		{39A948F3-8291-48C1-AD65-C668E80005A7}.Release|Any CPU.ActiveCfg = Release|Any CPU
		{39A948F3-8291-48C1-AD65-C668E80005A7}.Release|Any CPU.Build.0 = Release|Any CPU
		{39A948F3-8291-48C1-AD65-C668E80005A7}.Release|ARM.ActiveCfg = Release|Any CPU
		{39A948F3-8291-48C1-AD65-C668E80005A7}.Release|ARM.Build.0 = Release|Any CPU
		{39A948F3-8291-48C1-AD65-C668E80005A7}.Release|x64.ActiveCfg = Release|Any CPU
		{39A948F3-8291-48C1-AD65-C668E80005A7}.Release|x64.Build.0 = Release|Any CPU
		{39A948F3-8291-48C1-AD65-C668E80005A7}.Release|x86.ActiveCfg = Release|Any CPU
		{39A948F3-8291-48C1-AD65-C668E80005A7}.Release|x86.Build.0 = Release|Any CPU
		{B1741CAE-446C-4C34-841A-A86ED0B89E62}.Debug|Any CPU.ActiveCfg = Debug|Any CPU
		{B1741CAE-446C-4C34-841A-A86ED0B89E62}.Debug|Any CPU.Build.0 = Debug|Any CPU
		{B1741CAE-446C-4C34-841A-A86ED0B89E62}.Debug|ARM.ActiveCfg = Debug|Any CPU
		{B1741CAE-446C-4C34-841A-A86ED0B89E62}.Debug|ARM.Build.0 = Debug|Any CPU
		{B1741CAE-446C-4C34-841A-A86ED0B89E62}.Debug|x64.ActiveCfg = Debug|Any CPU
		{B1741CAE-446C-4C34-841A-A86ED0B89E62}.Debug|x64.Build.0 = Debug|Any CPU
		{B1741CAE-446C-4C34-841A-A86ED0B89E62}.Debug|x86.ActiveCfg = Debug|Any CPU
		{B1741CAE-446C-4C34-841A-A86ED0B89E62}.Debug|x86.Build.0 = Debug|Any CPU
		{B1741CAE-446C-4C34-841A-A86ED0B89E62}.Release|Any CPU.ActiveCfg = Release|Any CPU
		{B1741CAE-446C-4C34-841A-A86ED0B89E62}.Release|Any CPU.Build.0 = Release|Any CPU
		{B1741CAE-446C-4C34-841A-A86ED0B89E62}.Release|ARM.ActiveCfg = Release|Any CPU
		{B1741CAE-446C-4C34-841A-A86ED0B89E62}.Release|ARM.Build.0 = Release|Any CPU
		{B1741CAE-446C-4C34-841A-A86ED0B89E62}.Release|x64.ActiveCfg = Release|Any CPU
		{B1741CAE-446C-4C34-841A-A86ED0B89E62}.Release|x64.Build.0 = Release|Any CPU
		{B1741CAE-446C-4C34-841A-A86ED0B89E62}.Release|x86.ActiveCfg = Release|Any CPU
		{B1741CAE-446C-4C34-841A-A86ED0B89E62}.Release|x86.Build.0 = Release|Any CPU
		{ABCB1A3B-BA62-4266-A342-6FB1621F2D8E}.Debug|Any CPU.ActiveCfg = Debug|Any CPU
		{ABCB1A3B-BA62-4266-A342-6FB1621F2D8E}.Debug|Any CPU.Build.0 = Debug|Any CPU
		{ABCB1A3B-BA62-4266-A342-6FB1621F2D8E}.Debug|ARM.ActiveCfg = Debug|Any CPU
		{ABCB1A3B-BA62-4266-A342-6FB1621F2D8E}.Debug|ARM.Build.0 = Debug|Any CPU
		{ABCB1A3B-BA62-4266-A342-6FB1621F2D8E}.Debug|x64.ActiveCfg = Debug|Any CPU
		{ABCB1A3B-BA62-4266-A342-6FB1621F2D8E}.Debug|x64.Build.0 = Debug|Any CPU
		{ABCB1A3B-BA62-4266-A342-6FB1621F2D8E}.Debug|x86.ActiveCfg = Debug|Any CPU
		{ABCB1A3B-BA62-4266-A342-6FB1621F2D8E}.Debug|x86.Build.0 = Debug|Any CPU
		{ABCB1A3B-BA62-4266-A342-6FB1621F2D8E}.Release|Any CPU.ActiveCfg = Release|Any CPU
		{ABCB1A3B-BA62-4266-A342-6FB1621F2D8E}.Release|Any CPU.Build.0 = Release|Any CPU
		{ABCB1A3B-BA62-4266-A342-6FB1621F2D8E}.Release|ARM.ActiveCfg = Release|Any CPU
		{ABCB1A3B-BA62-4266-A342-6FB1621F2D8E}.Release|ARM.Build.0 = Release|Any CPU
		{ABCB1A3B-BA62-4266-A342-6FB1621F2D8E}.Release|x64.ActiveCfg = Release|Any CPU
		{ABCB1A3B-BA62-4266-A342-6FB1621F2D8E}.Release|x64.Build.0 = Release|Any CPU
		{ABCB1A3B-BA62-4266-A342-6FB1621F2D8E}.Release|x86.ActiveCfg = Release|Any CPU
		{ABCB1A3B-BA62-4266-A342-6FB1621F2D8E}.Release|x86.Build.0 = Release|Any CPU
		{146520B3-A7DA-40B6-B0D3-8FB7490768D7}.Debug|Any CPU.ActiveCfg = Debug|Any CPU
		{146520B3-A7DA-40B6-B0D3-8FB7490768D7}.Debug|Any CPU.Build.0 = Debug|Any CPU
		{146520B3-A7DA-40B6-B0D3-8FB7490768D7}.Debug|ARM.ActiveCfg = Debug|Any CPU
		{146520B3-A7DA-40B6-B0D3-8FB7490768D7}.Debug|ARM.Build.0 = Debug|Any CPU
		{146520B3-A7DA-40B6-B0D3-8FB7490768D7}.Debug|x64.ActiveCfg = Debug|Any CPU
		{146520B3-A7DA-40B6-B0D3-8FB7490768D7}.Debug|x64.Build.0 = Debug|Any CPU
		{146520B3-A7DA-40B6-B0D3-8FB7490768D7}.Debug|x86.ActiveCfg = Debug|Any CPU
		{146520B3-A7DA-40B6-B0D3-8FB7490768D7}.Debug|x86.Build.0 = Debug|Any CPU
		{146520B3-A7DA-40B6-B0D3-8FB7490768D7}.Release|Any CPU.ActiveCfg = Release|Any CPU
		{146520B3-A7DA-40B6-B0D3-8FB7490768D7}.Release|Any CPU.Build.0 = Release|Any CPU
		{146520B3-A7DA-40B6-B0D3-8FB7490768D7}.Release|ARM.ActiveCfg = Release|Any CPU
		{146520B3-A7DA-40B6-B0D3-8FB7490768D7}.Release|ARM.Build.0 = Release|Any CPU
		{146520B3-A7DA-40B6-B0D3-8FB7490768D7}.Release|x64.ActiveCfg = Release|Any CPU
		{146520B3-A7DA-40B6-B0D3-8FB7490768D7}.Release|x64.Build.0 = Release|Any CPU
		{146520B3-A7DA-40B6-B0D3-8FB7490768D7}.Release|x86.ActiveCfg = Release|Any CPU
		{146520B3-A7DA-40B6-B0D3-8FB7490768D7}.Release|x86.Build.0 = Release|Any CPU
		{6F83A1EE-0086-4D9B-91D0-D7F71D108D52}.Debug|Any CPU.ActiveCfg = Debug|Any CPU
		{6F83A1EE-0086-4D9B-91D0-D7F71D108D52}.Debug|Any CPU.Build.0 = Debug|Any CPU
		{6F83A1EE-0086-4D9B-91D0-D7F71D108D52}.Debug|ARM.ActiveCfg = Debug|Any CPU
		{6F83A1EE-0086-4D9B-91D0-D7F71D108D52}.Debug|ARM.Build.0 = Debug|Any CPU
		{6F83A1EE-0086-4D9B-91D0-D7F71D108D52}.Debug|x64.ActiveCfg = Debug|Any CPU
		{6F83A1EE-0086-4D9B-91D0-D7F71D108D52}.Debug|x64.Build.0 = Debug|Any CPU
		{6F83A1EE-0086-4D9B-91D0-D7F71D108D52}.Debug|x86.ActiveCfg = Debug|Any CPU
		{6F83A1EE-0086-4D9B-91D0-D7F71D108D52}.Debug|x86.Build.0 = Debug|Any CPU
		{6F83A1EE-0086-4D9B-91D0-D7F71D108D52}.Release|Any CPU.ActiveCfg = Release|Any CPU
		{6F83A1EE-0086-4D9B-91D0-D7F71D108D52}.Release|Any CPU.Build.0 = Release|Any CPU
		{6F83A1EE-0086-4D9B-91D0-D7F71D108D52}.Release|ARM.ActiveCfg = Release|Any CPU
		{6F83A1EE-0086-4D9B-91D0-D7F71D108D52}.Release|ARM.Build.0 = Release|Any CPU
		{6F83A1EE-0086-4D9B-91D0-D7F71D108D52}.Release|x64.ActiveCfg = Release|Any CPU
		{6F83A1EE-0086-4D9B-91D0-D7F71D108D52}.Release|x64.Build.0 = Release|Any CPU
		{6F83A1EE-0086-4D9B-91D0-D7F71D108D52}.Release|x86.ActiveCfg = Release|Any CPU
		{6F83A1EE-0086-4D9B-91D0-D7F71D108D52}.Release|x86.Build.0 = Release|Any CPU
		{C479CB41-214C-49DE-9937-8C18BCBB3561}.Debug|Any CPU.ActiveCfg = Debug|Any CPU
		{C479CB41-214C-49DE-9937-8C18BCBB3561}.Debug|Any CPU.Build.0 = Debug|Any CPU
		{C479CB41-214C-49DE-9937-8C18BCBB3561}.Debug|ARM.ActiveCfg = Debug|Any CPU
		{C479CB41-214C-49DE-9937-8C18BCBB3561}.Debug|ARM.Build.0 = Debug|Any CPU
		{C479CB41-214C-49DE-9937-8C18BCBB3561}.Debug|x64.ActiveCfg = Debug|Any CPU
		{C479CB41-214C-49DE-9937-8C18BCBB3561}.Debug|x64.Build.0 = Debug|Any CPU
		{C479CB41-214C-49DE-9937-8C18BCBB3561}.Debug|x86.ActiveCfg = Debug|Any CPU
		{C479CB41-214C-49DE-9937-8C18BCBB3561}.Debug|x86.Build.0 = Debug|Any CPU
		{C479CB41-214C-49DE-9937-8C18BCBB3561}.Release|Any CPU.ActiveCfg = Release|Any CPU
		{C479CB41-214C-49DE-9937-8C18BCBB3561}.Release|Any CPU.Build.0 = Release|Any CPU
		{C479CB41-214C-49DE-9937-8C18BCBB3561}.Release|ARM.ActiveCfg = Release|Any CPU
		{C479CB41-214C-49DE-9937-8C18BCBB3561}.Release|ARM.Build.0 = Release|Any CPU
		{C479CB41-214C-49DE-9937-8C18BCBB3561}.Release|x64.ActiveCfg = Release|Any CPU
		{C479CB41-214C-49DE-9937-8C18BCBB3561}.Release|x64.Build.0 = Release|Any CPU
		{C479CB41-214C-49DE-9937-8C18BCBB3561}.Release|x86.ActiveCfg = Release|Any CPU
		{C479CB41-214C-49DE-9937-8C18BCBB3561}.Release|x86.Build.0 = Release|Any CPU
		{F9D56884-A0F1-416B-81BE-A128D9A7C8DE}.Debug|Any CPU.ActiveCfg = Debug|Any CPU
		{F9D56884-A0F1-416B-81BE-A128D9A7C8DE}.Debug|Any CPU.Build.0 = Debug|Any CPU
		{F9D56884-A0F1-416B-81BE-A128D9A7C8DE}.Debug|ARM.ActiveCfg = Debug|Any CPU
		{F9D56884-A0F1-416B-81BE-A128D9A7C8DE}.Debug|ARM.Build.0 = Debug|Any CPU
		{F9D56884-A0F1-416B-81BE-A128D9A7C8DE}.Debug|x64.ActiveCfg = Debug|Any CPU
		{F9D56884-A0F1-416B-81BE-A128D9A7C8DE}.Debug|x64.Build.0 = Debug|Any CPU
		{F9D56884-A0F1-416B-81BE-A128D9A7C8DE}.Debug|x86.ActiveCfg = Debug|Any CPU
		{F9D56884-A0F1-416B-81BE-A128D9A7C8DE}.Debug|x86.Build.0 = Debug|Any CPU
		{F9D56884-A0F1-416B-81BE-A128D9A7C8DE}.Release|Any CPU.ActiveCfg = Release|Any CPU
		{F9D56884-A0F1-416B-81BE-A128D9A7C8DE}.Release|Any CPU.Build.0 = Release|Any CPU
		{F9D56884-A0F1-416B-81BE-A128D9A7C8DE}.Release|ARM.ActiveCfg = Release|Any CPU
		{F9D56884-A0F1-416B-81BE-A128D9A7C8DE}.Release|ARM.Build.0 = Release|Any CPU
		{F9D56884-A0F1-416B-81BE-A128D9A7C8DE}.Release|x64.ActiveCfg = Release|Any CPU
		{F9D56884-A0F1-416B-81BE-A128D9A7C8DE}.Release|x64.Build.0 = Release|Any CPU
		{F9D56884-A0F1-416B-81BE-A128D9A7C8DE}.Release|x86.ActiveCfg = Release|Any CPU
		{F9D56884-A0F1-416B-81BE-A128D9A7C8DE}.Release|x86.Build.0 = Release|Any CPU
		{5ABAB539-CB6C-4970-892C-6E8F2AD47273}.Debug|Any CPU.ActiveCfg = Debug|Any CPU
		{5ABAB539-CB6C-4970-892C-6E8F2AD47273}.Debug|Any CPU.Build.0 = Debug|Any CPU
		{5ABAB539-CB6C-4970-892C-6E8F2AD47273}.Debug|ARM.ActiveCfg = Debug|Any CPU
		{5ABAB539-CB6C-4970-892C-6E8F2AD47273}.Debug|ARM.Build.0 = Debug|Any CPU
		{5ABAB539-CB6C-4970-892C-6E8F2AD47273}.Debug|x64.ActiveCfg = Debug|Any CPU
		{5ABAB539-CB6C-4970-892C-6E8F2AD47273}.Debug|x64.Build.0 = Debug|Any CPU
		{5ABAB539-CB6C-4970-892C-6E8F2AD47273}.Debug|x86.ActiveCfg = Debug|Any CPU
		{5ABAB539-CB6C-4970-892C-6E8F2AD47273}.Debug|x86.Build.0 = Debug|Any CPU
		{5ABAB539-CB6C-4970-892C-6E8F2AD47273}.Release|Any CPU.ActiveCfg = Release|Any CPU
		{5ABAB539-CB6C-4970-892C-6E8F2AD47273}.Release|Any CPU.Build.0 = Release|Any CPU
		{5ABAB539-CB6C-4970-892C-6E8F2AD47273}.Release|ARM.ActiveCfg = Release|Any CPU
		{5ABAB539-CB6C-4970-892C-6E8F2AD47273}.Release|ARM.Build.0 = Release|Any CPU
		{5ABAB539-CB6C-4970-892C-6E8F2AD47273}.Release|x64.ActiveCfg = Release|Any CPU
		{5ABAB539-CB6C-4970-892C-6E8F2AD47273}.Release|x64.Build.0 = Release|Any CPU
		{5ABAB539-CB6C-4970-892C-6E8F2AD47273}.Release|x86.ActiveCfg = Release|Any CPU
		{5ABAB539-CB6C-4970-892C-6E8F2AD47273}.Release|x86.Build.0 = Release|Any CPU
		{D071989F-AA11-4522-8862-2DF4D2349CE1}.Debug|Any CPU.ActiveCfg = Debug|Any CPU
		{D071989F-AA11-4522-8862-2DF4D2349CE1}.Debug|Any CPU.Build.0 = Debug|Any CPU
		{D071989F-AA11-4522-8862-2DF4D2349CE1}.Debug|ARM.ActiveCfg = Debug|Any CPU
		{D071989F-AA11-4522-8862-2DF4D2349CE1}.Debug|ARM.Build.0 = Debug|Any CPU
		{D071989F-AA11-4522-8862-2DF4D2349CE1}.Debug|x64.ActiveCfg = Debug|Any CPU
		{D071989F-AA11-4522-8862-2DF4D2349CE1}.Debug|x64.Build.0 = Debug|Any CPU
		{D071989F-AA11-4522-8862-2DF4D2349CE1}.Debug|x86.ActiveCfg = Debug|Any CPU
		{D071989F-AA11-4522-8862-2DF4D2349CE1}.Debug|x86.Build.0 = Debug|Any CPU
		{D071989F-AA11-4522-8862-2DF4D2349CE1}.Release|Any CPU.ActiveCfg = Release|Any CPU
		{D071989F-AA11-4522-8862-2DF4D2349CE1}.Release|Any CPU.Build.0 = Release|Any CPU
		{D071989F-AA11-4522-8862-2DF4D2349CE1}.Release|ARM.ActiveCfg = Release|Any CPU
		{D071989F-AA11-4522-8862-2DF4D2349CE1}.Release|ARM.Build.0 = Release|Any CPU
		{D071989F-AA11-4522-8862-2DF4D2349CE1}.Release|x64.ActiveCfg = Release|Any CPU
		{D071989F-AA11-4522-8862-2DF4D2349CE1}.Release|x64.Build.0 = Release|Any CPU
		{D071989F-AA11-4522-8862-2DF4D2349CE1}.Release|x86.ActiveCfg = Release|Any CPU
		{D071989F-AA11-4522-8862-2DF4D2349CE1}.Release|x86.Build.0 = Release|Any CPU
		{49793905-4FE5-4FA8-9F13-CC1D5CB6F009}.Debug|Any CPU.ActiveCfg = Debug|Any CPU
		{49793905-4FE5-4FA8-9F13-CC1D5CB6F009}.Debug|Any CPU.Build.0 = Debug|Any CPU
		{49793905-4FE5-4FA8-9F13-CC1D5CB6F009}.Debug|ARM.ActiveCfg = Debug|Any CPU
		{49793905-4FE5-4FA8-9F13-CC1D5CB6F009}.Debug|ARM.Build.0 = Debug|Any CPU
		{49793905-4FE5-4FA8-9F13-CC1D5CB6F009}.Debug|x64.ActiveCfg = Debug|Any CPU
		{49793905-4FE5-4FA8-9F13-CC1D5CB6F009}.Debug|x64.Build.0 = Debug|Any CPU
		{49793905-4FE5-4FA8-9F13-CC1D5CB6F009}.Debug|x86.ActiveCfg = Debug|Any CPU
		{49793905-4FE5-4FA8-9F13-CC1D5CB6F009}.Debug|x86.Build.0 = Debug|Any CPU
		{49793905-4FE5-4FA8-9F13-CC1D5CB6F009}.Release|Any CPU.ActiveCfg = Release|Any CPU
		{49793905-4FE5-4FA8-9F13-CC1D5CB6F009}.Release|Any CPU.Build.0 = Release|Any CPU
		{49793905-4FE5-4FA8-9F13-CC1D5CB6F009}.Release|ARM.ActiveCfg = Release|Any CPU
		{49793905-4FE5-4FA8-9F13-CC1D5CB6F009}.Release|ARM.Build.0 = Release|Any CPU
		{49793905-4FE5-4FA8-9F13-CC1D5CB6F009}.Release|x64.ActiveCfg = Release|Any CPU
		{49793905-4FE5-4FA8-9F13-CC1D5CB6F009}.Release|x64.Build.0 = Release|Any CPU
		{49793905-4FE5-4FA8-9F13-CC1D5CB6F009}.Release|x86.ActiveCfg = Release|Any CPU
		{49793905-4FE5-4FA8-9F13-CC1D5CB6F009}.Release|x86.Build.0 = Release|Any CPU
		{492D1641-CF47-489F-ACF8-0EABA52358E6}.Debug|Any CPU.ActiveCfg = Debug|Any CPU
		{492D1641-CF47-489F-ACF8-0EABA52358E6}.Debug|Any CPU.Build.0 = Debug|Any CPU
		{492D1641-CF47-489F-ACF8-0EABA52358E6}.Debug|ARM.ActiveCfg = Debug|Any CPU
		{492D1641-CF47-489F-ACF8-0EABA52358E6}.Debug|ARM.Build.0 = Debug|Any CPU
		{492D1641-CF47-489F-ACF8-0EABA52358E6}.Debug|x64.ActiveCfg = Debug|Any CPU
		{492D1641-CF47-489F-ACF8-0EABA52358E6}.Debug|x64.Build.0 = Debug|Any CPU
		{492D1641-CF47-489F-ACF8-0EABA52358E6}.Debug|x86.ActiveCfg = Debug|Any CPU
		{492D1641-CF47-489F-ACF8-0EABA52358E6}.Debug|x86.Build.0 = Debug|Any CPU
		{492D1641-CF47-489F-ACF8-0EABA52358E6}.Release|Any CPU.ActiveCfg = Release|Any CPU
		{492D1641-CF47-489F-ACF8-0EABA52358E6}.Release|Any CPU.Build.0 = Release|Any CPU
		{492D1641-CF47-489F-ACF8-0EABA52358E6}.Release|ARM.ActiveCfg = Release|Any CPU
		{492D1641-CF47-489F-ACF8-0EABA52358E6}.Release|ARM.Build.0 = Release|Any CPU
		{492D1641-CF47-489F-ACF8-0EABA52358E6}.Release|x64.ActiveCfg = Release|Any CPU
		{492D1641-CF47-489F-ACF8-0EABA52358E6}.Release|x64.Build.0 = Release|Any CPU
		{492D1641-CF47-489F-ACF8-0EABA52358E6}.Release|x86.ActiveCfg = Release|Any CPU
		{492D1641-CF47-489F-ACF8-0EABA52358E6}.Release|x86.Build.0 = Release|Any CPU
		{8353705D-62AD-4688-8FB5-D9F4E6F8C0D5}.Debug|Any CPU.ActiveCfg = Debug|Any CPU
		{8353705D-62AD-4688-8FB5-D9F4E6F8C0D5}.Debug|Any CPU.Build.0 = Debug|Any CPU
		{8353705D-62AD-4688-8FB5-D9F4E6F8C0D5}.Debug|ARM.ActiveCfg = Debug|Any CPU
		{8353705D-62AD-4688-8FB5-D9F4E6F8C0D5}.Debug|ARM.Build.0 = Debug|Any CPU
		{8353705D-62AD-4688-8FB5-D9F4E6F8C0D5}.Debug|x64.ActiveCfg = Debug|Any CPU
		{8353705D-62AD-4688-8FB5-D9F4E6F8C0D5}.Debug|x64.Build.0 = Debug|Any CPU
		{8353705D-62AD-4688-8FB5-D9F4E6F8C0D5}.Debug|x86.ActiveCfg = Debug|Any CPU
		{8353705D-62AD-4688-8FB5-D9F4E6F8C0D5}.Debug|x86.Build.0 = Debug|Any CPU
		{8353705D-62AD-4688-8FB5-D9F4E6F8C0D5}.Release|Any CPU.ActiveCfg = Release|Any CPU
		{8353705D-62AD-4688-8FB5-D9F4E6F8C0D5}.Release|Any CPU.Build.0 = Release|Any CPU
		{8353705D-62AD-4688-8FB5-D9F4E6F8C0D5}.Release|ARM.ActiveCfg = Release|Any CPU
		{8353705D-62AD-4688-8FB5-D9F4E6F8C0D5}.Release|ARM.Build.0 = Release|Any CPU
		{8353705D-62AD-4688-8FB5-D9F4E6F8C0D5}.Release|x64.ActiveCfg = Release|Any CPU
		{8353705D-62AD-4688-8FB5-D9F4E6F8C0D5}.Release|x64.Build.0 = Release|Any CPU
		{8353705D-62AD-4688-8FB5-D9F4E6F8C0D5}.Release|x86.ActiveCfg = Release|Any CPU
		{8353705D-62AD-4688-8FB5-D9F4E6F8C0D5}.Release|x86.Build.0 = Release|Any CPU
		{A952D6A2-B217-410A-8EE4-A4F19D33CC03}.Debug|Any CPU.ActiveCfg = Debug|Any CPU
		{A952D6A2-B217-410A-8EE4-A4F19D33CC03}.Debug|Any CPU.Build.0 = Debug|Any CPU
		{A952D6A2-B217-410A-8EE4-A4F19D33CC03}.Debug|ARM.ActiveCfg = Debug|Any CPU
		{A952D6A2-B217-410A-8EE4-A4F19D33CC03}.Debug|ARM.Build.0 = Debug|Any CPU
		{A952D6A2-B217-410A-8EE4-A4F19D33CC03}.Debug|x64.ActiveCfg = Debug|Any CPU
		{A952D6A2-B217-410A-8EE4-A4F19D33CC03}.Debug|x64.Build.0 = Debug|Any CPU
		{A952D6A2-B217-410A-8EE4-A4F19D33CC03}.Debug|x86.ActiveCfg = Debug|Any CPU
		{A952D6A2-B217-410A-8EE4-A4F19D33CC03}.Debug|x86.Build.0 = Debug|Any CPU
		{A952D6A2-B217-410A-8EE4-A4F19D33CC03}.Release|Any CPU.ActiveCfg = Release|Any CPU
		{A952D6A2-B217-410A-8EE4-A4F19D33CC03}.Release|Any CPU.Build.0 = Release|Any CPU
		{A952D6A2-B217-410A-8EE4-A4F19D33CC03}.Release|ARM.ActiveCfg = Release|Any CPU
		{A952D6A2-B217-410A-8EE4-A4F19D33CC03}.Release|ARM.Build.0 = Release|Any CPU
		{A952D6A2-B217-410A-8EE4-A4F19D33CC03}.Release|x64.ActiveCfg = Release|Any CPU
		{A952D6A2-B217-410A-8EE4-A4F19D33CC03}.Release|x64.Build.0 = Release|Any CPU
		{A952D6A2-B217-410A-8EE4-A4F19D33CC03}.Release|x86.ActiveCfg = Release|Any CPU
		{A952D6A2-B217-410A-8EE4-A4F19D33CC03}.Release|x86.Build.0 = Release|Any CPU
		{472ABAA9-2531-4BE0-ABEB-BEF59F0018C1}.Debug|Any CPU.ActiveCfg = Debug|Any CPU
		{472ABAA9-2531-4BE0-ABEB-BEF59F0018C1}.Debug|Any CPU.Build.0 = Debug|Any CPU
		{472ABAA9-2531-4BE0-ABEB-BEF59F0018C1}.Debug|ARM.ActiveCfg = Debug|Any CPU
		{472ABAA9-2531-4BE0-ABEB-BEF59F0018C1}.Debug|ARM.Build.0 = Debug|Any CPU
		{472ABAA9-2531-4BE0-ABEB-BEF59F0018C1}.Debug|x64.ActiveCfg = Debug|Any CPU
		{472ABAA9-2531-4BE0-ABEB-BEF59F0018C1}.Debug|x64.Build.0 = Debug|Any CPU
		{472ABAA9-2531-4BE0-ABEB-BEF59F0018C1}.Debug|x86.ActiveCfg = Debug|Any CPU
		{472ABAA9-2531-4BE0-ABEB-BEF59F0018C1}.Debug|x86.Build.0 = Debug|Any CPU
		{472ABAA9-2531-4BE0-ABEB-BEF59F0018C1}.Release|Any CPU.ActiveCfg = Release|Any CPU
		{472ABAA9-2531-4BE0-ABEB-BEF59F0018C1}.Release|Any CPU.Build.0 = Release|Any CPU
		{472ABAA9-2531-4BE0-ABEB-BEF59F0018C1}.Release|ARM.ActiveCfg = Release|Any CPU
		{472ABAA9-2531-4BE0-ABEB-BEF59F0018C1}.Release|ARM.Build.0 = Release|Any CPU
		{472ABAA9-2531-4BE0-ABEB-BEF59F0018C1}.Release|x64.ActiveCfg = Release|Any CPU
		{472ABAA9-2531-4BE0-ABEB-BEF59F0018C1}.Release|x64.Build.0 = Release|Any CPU
		{472ABAA9-2531-4BE0-ABEB-BEF59F0018C1}.Release|x86.ActiveCfg = Release|Any CPU
		{472ABAA9-2531-4BE0-ABEB-BEF59F0018C1}.Release|x86.Build.0 = Release|Any CPU
		{061A4317-7B55-4CE0-A025-2CAFF6922CF6}.Debug|Any CPU.ActiveCfg = Debug|Any CPU
		{061A4317-7B55-4CE0-A025-2CAFF6922CF6}.Debug|Any CPU.Build.0 = Debug|Any CPU
		{061A4317-7B55-4CE0-A025-2CAFF6922CF6}.Debug|ARM.ActiveCfg = Debug|Any CPU
		{061A4317-7B55-4CE0-A025-2CAFF6922CF6}.Debug|ARM.Build.0 = Debug|Any CPU
		{061A4317-7B55-4CE0-A025-2CAFF6922CF6}.Debug|x64.ActiveCfg = Debug|Any CPU
		{061A4317-7B55-4CE0-A025-2CAFF6922CF6}.Debug|x64.Build.0 = Debug|Any CPU
		{061A4317-7B55-4CE0-A025-2CAFF6922CF6}.Debug|x86.ActiveCfg = Debug|Any CPU
		{061A4317-7B55-4CE0-A025-2CAFF6922CF6}.Debug|x86.Build.0 = Debug|Any CPU
		{061A4317-7B55-4CE0-A025-2CAFF6922CF6}.Release|Any CPU.ActiveCfg = Release|Any CPU
		{061A4317-7B55-4CE0-A025-2CAFF6922CF6}.Release|Any CPU.Build.0 = Release|Any CPU
		{061A4317-7B55-4CE0-A025-2CAFF6922CF6}.Release|ARM.ActiveCfg = Release|Any CPU
		{061A4317-7B55-4CE0-A025-2CAFF6922CF6}.Release|ARM.Build.0 = Release|Any CPU
		{061A4317-7B55-4CE0-A025-2CAFF6922CF6}.Release|x64.ActiveCfg = Release|Any CPU
		{061A4317-7B55-4CE0-A025-2CAFF6922CF6}.Release|x64.Build.0 = Release|Any CPU
		{061A4317-7B55-4CE0-A025-2CAFF6922CF6}.Release|x86.ActiveCfg = Release|Any CPU
		{061A4317-7B55-4CE0-A025-2CAFF6922CF6}.Release|x86.Build.0 = Release|Any CPU
		{46DA210B-F98E-48A1-B6EC-B1178078CF4A}.Debug|Any CPU.ActiveCfg = Debug|Any CPU
		{46DA210B-F98E-48A1-B6EC-B1178078CF4A}.Debug|Any CPU.Build.0 = Debug|Any CPU
		{46DA210B-F98E-48A1-B6EC-B1178078CF4A}.Debug|ARM.ActiveCfg = Debug|Any CPU
		{46DA210B-F98E-48A1-B6EC-B1178078CF4A}.Debug|ARM.Build.0 = Debug|Any CPU
		{46DA210B-F98E-48A1-B6EC-B1178078CF4A}.Debug|x64.ActiveCfg = Debug|Any CPU
		{46DA210B-F98E-48A1-B6EC-B1178078CF4A}.Debug|x64.Build.0 = Debug|Any CPU
		{46DA210B-F98E-48A1-B6EC-B1178078CF4A}.Debug|x86.ActiveCfg = Debug|Any CPU
		{46DA210B-F98E-48A1-B6EC-B1178078CF4A}.Debug|x86.Build.0 = Debug|Any CPU
		{46DA210B-F98E-48A1-B6EC-B1178078CF4A}.Release|Any CPU.ActiveCfg = Release|Any CPU
		{46DA210B-F98E-48A1-B6EC-B1178078CF4A}.Release|Any CPU.Build.0 = Release|Any CPU
		{46DA210B-F98E-48A1-B6EC-B1178078CF4A}.Release|ARM.ActiveCfg = Release|Any CPU
		{46DA210B-F98E-48A1-B6EC-B1178078CF4A}.Release|ARM.Build.0 = Release|Any CPU
		{46DA210B-F98E-48A1-B6EC-B1178078CF4A}.Release|x64.ActiveCfg = Release|Any CPU
		{46DA210B-F98E-48A1-B6EC-B1178078CF4A}.Release|x64.Build.0 = Release|Any CPU
		{46DA210B-F98E-48A1-B6EC-B1178078CF4A}.Release|x86.ActiveCfg = Release|Any CPU
		{46DA210B-F98E-48A1-B6EC-B1178078CF4A}.Release|x86.Build.0 = Release|Any CPU
	EndGlobalSection
	GlobalSection(SolutionProperties) = preSolution
		HideSolutionNode = FALSE
	EndGlobalSection
EndGlobal
